
Microsoft Visual Studio Solution File, Format Version 12.00
# Visual Studio Version 16
VisualStudioVersion = 16.0.31624.102
MinimumVisualStudioVersion = 10.0.40219.1
Project("{FAE04EC0-301F-11D3-BF4B-00C04F79EFBC}") = "StudentsApp", "StudentsApp\StudentsApp.csproj", "{C57C2FCC-64E1-422D-A657-A7137B7B473F}"
EndProject
Global
	GlobalSection(SolutionConfigurationPlatforms) = preSolution
		Debug|Any CPU = Debug|Any CPU
		Release|Any CPU = Release|Any CPU
	EndGlobalSection
	GlobalSection(ProjectConfigurationPlatforms) = postSolution
		{C57C2FCC-64E1-422D-A657-A7137B7B473F}.Debug|Any CPU.ActiveCfg = Debug|Any CPU
		{C57C2FCC-64E1-422D-A657-A7137B7B473F}.Debug|Any CPU.Build.0 = Debug|Any CPU
		{C57C2FCC-64E1-422D-A657-A7137B7B473F}.Release|Any CPU.ActiveCfg = Release|Any CPU
		{C57C2FCC-64E1-422D-A657-A7137B7B473F}.Release|Any CPU.Build.0 = Release|Any CPU
	EndGlobalSection
	GlobalSection(SolutionProperties) = preSolution
		HideSolutionNode = FALSE
	EndGlobalSection
	GlobalSection(ExtensibilityGlobals) = postSolution
		SolutionGuid = {D64C69C9-FE80-4153-8ADD-C4BF065FC4BA}
	EndGlobalSection
EndGlobal
